
Microsoft Visual Studio Solution File, Format Version 12.00
# Visual Studio Version 17
VisualStudioVersion = 17.11.35222.181
MinimumVisualStudioVersion = 10.0.40219.1
Project("{FAE04EC0-301F-11D3-BF4B-00C04F79EFBC}") = "Lab 12-1", "Lab 12-1\Lab 12-1.csproj", "{471D5B21-5C01-48BA-BE67-BB392A380343}"
EndProject
Project("{FAE04EC0-301F-11D3-BF4B-00C04F79EFBC}") = "Lab 12-2", "Lab 12-2\Lab 12-2.csproj", "{415A2BC4-1FC4-4999-A8D9-29DE8D9C66DE}"
EndProject
Project("{FAE04EC0-301F-11D3-BF4B-00C04F79EFBC}") = "Lab 13-3", "Lab 13-3\Lab 13-3.csproj", "{90D7DC04-2D60-4B62-9EA2-7221A2E4CEA1}"
EndProject
Global
	GlobalSection(SolutionConfigurationPlatforms) = preSolution
		Debug|Any CPU = Debug|Any CPU
		Release|Any CPU = Release|Any CPU
	EndGlobalSection
	GlobalSection(ProjectConfigurationPlatforms) = postSolution
		{471D5B21-5C01-48BA-BE67-BB392A380343}.Debug|Any CPU.ActiveCfg = Debug|Any CPU
		{471D5B21-5C01-48BA-BE67-BB392A380343}.Debug|Any CPU.Build.0 = Debug|Any CPU
		{471D5B21-5C01-48BA-BE67-BB392A380343}.Release|Any CPU.ActiveCfg = Release|Any CPU
		{471D5B21-5C01-48BA-BE67-BB392A380343}.Release|Any CPU.Build.0 = Release|Any CPU
		{415A2BC4-1FC4-4999-A8D9-29DE8D9C66DE}.Debug|Any CPU.ActiveCfg = Debug|Any CPU
		{415A2BC4-1FC4-4999-A8D9-29DE8D9C66DE}.Debug|Any CPU.Build.0 = Debug|Any CPU
		{415A2BC4-1FC4-4999-A8D9-29DE8D9C66DE}.Release|Any CPU.ActiveCfg = Release|Any CPU
		{415A2BC4-1FC4-4999-A8D9-29DE8D9C66DE}.Release|Any CPU.Build.0 = Release|Any CPU
		{90D7DC04-2D60-4B62-9EA2-7221A2E4CEA1}.Debug|Any CPU.ActiveCfg = Debug|Any CPU
		{90D7DC04-2D60-4B62-9EA2-7221A2E4CEA1}.Debug|Any CPU.Build.0 = Debug|Any CPU
		{90D7DC04-2D60-4B62-9EA2-7221A2E4CEA1}.Release|Any CPU.ActiveCfg = Release|Any CPU
		{90D7DC04-2D60-4B62-9EA2-7221A2E4CEA1}.Release|Any CPU.Build.0 = Release|Any CPU
	EndGlobalSection
	GlobalSection(SolutionProperties) = preSolution
		HideSolutionNode = FALSE
	EndGlobalSection
	GlobalSection(ExtensibilityGlobals) = postSolution
		SolutionGuid = {DFE1190A-7184-4704-9B0D-65321623C6C9}
	EndGlobalSection
EndGlobal
