
Microsoft Visual Studio Solution File, Format Version 12.00
# Visual Studio Version 17
VisualStudioVersion = 17.11.35208.52
MinimumVisualStudioVersion = 10.0.40219.1
Project("{FAE04EC0-301F-11D3-BF4B-00C04F79EFBC}") = "Laboratorio20", "Laboratorio20\Laboratorio20.csproj", "{A85551D9-B513-44B1-9AB2-B3A3D16D02CA}"
EndProject
Project("{FAE04EC0-301F-11D3-BF4B-00C04F79EFBC}") = "Laboratorio201", "Laboratorio201\Laboratorio201.csproj", "{5D0A3E72-36D3-4B59-841B-74C1E92FED5E}"
EndProject
Project("{FAE04EC0-301F-11D3-BF4B-00C04F79EFBC}") = "Laboratorio202", "Laboratorio202\Laboratorio202.csproj", "{98991D75-9241-4077-ACA3-AA5A072BAD73}"
EndProject
Global
	GlobalSection(SolutionConfigurationPlatforms) = preSolution
		Debug|Any CPU = Debug|Any CPU
		Release|Any CPU = Release|Any CPU
	EndGlobalSection
	GlobalSection(ProjectConfigurationPlatforms) = postSolution
		{A85551D9-B513-44B1-9AB2-B3A3D16D02CA}.Debug|Any CPU.ActiveCfg = Debug|Any CPU
		{A85551D9-B513-44B1-9AB2-B3A3D16D02CA}.Debug|Any CPU.Build.0 = Debug|Any CPU
		{A85551D9-B513-44B1-9AB2-B3A3D16D02CA}.Release|Any CPU.ActiveCfg = Release|Any CPU
		{A85551D9-B513-44B1-9AB2-B3A3D16D02CA}.Release|Any CPU.Build.0 = Release|Any CPU
		{5D0A3E72-36D3-4B59-841B-74C1E92FED5E}.Debug|Any CPU.ActiveCfg = Debug|Any CPU
		{5D0A3E72-36D3-4B59-841B-74C1E92FED5E}.Debug|Any CPU.Build.0 = Debug|Any CPU
		{5D0A3E72-36D3-4B59-841B-74C1E92FED5E}.Release|Any CPU.ActiveCfg = Release|Any CPU
		{5D0A3E72-36D3-4B59-841B-74C1E92FED5E}.Release|Any CPU.Build.0 = Release|Any CPU
		{98991D75-9241-4077-ACA3-AA5A072BAD73}.Debug|Any CPU.ActiveCfg = Debug|Any CPU
		{98991D75-9241-4077-ACA3-AA5A072BAD73}.Debug|Any CPU.Build.0 = Debug|Any CPU
		{98991D75-9241-4077-ACA3-AA5A072BAD73}.Release|Any CPU.ActiveCfg = Release|Any CPU
		{98991D75-9241-4077-ACA3-AA5A072BAD73}.Release|Any CPU.Build.0 = Release|Any CPU
	EndGlobalSection
	GlobalSection(SolutionProperties) = preSolution
		HideSolutionNode = FALSE
	EndGlobalSection
	GlobalSection(ExtensibilityGlobals) = postSolution
		SolutionGuid = {04DCFFED-7AB3-4B63-B925-943B1E760512}
	EndGlobalSection
EndGlobal
