
Microsoft Visual Studio Solution File, Format Version 12.00
# Visual Studio Version 17
VisualStudioVersion = 17.11.35208.52
MinimumVisualStudioVersion = 10.0.40219.1
Project("{FAE04EC0-301F-11D3-BF4B-00C04F79EFBC}") = "Laboratorio4", "Laboratorio4\Laboratorio4.csproj", "{457D3CD9-A7A2-44F6-B902-A08532E2954F}"
EndProject
Global
	GlobalSection(SolutionConfigurationPlatforms) = preSolution
		Debug|Any CPU = Debug|Any CPU
		Release|Any CPU = Release|Any CPU
	EndGlobalSection
	GlobalSection(ProjectConfigurationPlatforms) = postSolution
		{457D3CD9-A7A2-44F6-B902-A08532E2954F}.Debug|Any CPU.ActiveCfg = Debug|Any CPU
		{457D3CD9-A7A2-44F6-B902-A08532E2954F}.Debug|Any CPU.Build.0 = Debug|Any CPU
		{457D3CD9-A7A2-44F6-B902-A08532E2954F}.Release|Any CPU.ActiveCfg = Release|Any CPU
		{457D3CD9-A7A2-44F6-B902-A08532E2954F}.Release|Any CPU.Build.0 = Release|Any CPU
	EndGlobalSection
	GlobalSection(SolutionProperties) = preSolution
		HideSolutionNode = FALSE
	EndGlobalSection
	GlobalSection(ExtensibilityGlobals) = postSolution
		SolutionGuid = {84523828-764C-4568-9C31-6567EF7280D1}
	EndGlobalSection
EndGlobal
