
Microsoft Visual Studio Solution File, Format Version 12.00
# Visual Studio Version 17
VisualStudioVersion = 17.11.35208.52
MinimumVisualStudioVersion = 10.0.40219.1
Project("{FAE04EC0-301F-11D3-BF4B-00C04F79EFBC}") = "Ejemplo1", "Ejemplo1\Ejemplo1.csproj", "{6508B4B9-9245-4222-856B-7CCA1E46F7AA}"
EndProject
Project("{FAE04EC0-301F-11D3-BF4B-00C04F79EFBC}") = "Ejemplo2", "Ejemplo2\Ejemplo2.csproj", "{1FF95F90-5823-4D1E-90C8-91B6B98A9847}"
EndProject
Project("{FAE04EC0-301F-11D3-BF4B-00C04F79EFBC}") = "TipoVariablesLocales", "TipoVariablesLocales\TipoVariablesLocales.csproj", "{049B0DC7-F44D-43D9-8CD3-48A461BE3947}"
EndProject
Project("{FAE04EC0-301F-11D3-BF4B-00C04F79EFBC}") = "TiposDatosReferencia", "TiposDatosReferencia\TiposDatosReferencia.csproj", "{B9A8EC33-5739-4BA8-BA2F-D2314FBA1F33}"
EndProject
Project("{FAE04EC0-301F-11D3-BF4B-00C04F79EFBC}") = "TiposDatosValor", "TiposDatosValor\TiposDatosValor.csproj", "{E9AF0257-E6B0-4A6D-B0AB-49B628F41044}"
EndProject
Global
	GlobalSection(SolutionConfigurationPlatforms) = preSolution
		Debug|Any CPU = Debug|Any CPU
		Release|Any CPU = Release|Any CPU
	EndGlobalSection
	GlobalSection(ProjectConfigurationPlatforms) = postSolution
		{6508B4B9-9245-4222-856B-7CCA1E46F7AA}.Debug|Any CPU.ActiveCfg = Debug|Any CPU
		{6508B4B9-9245-4222-856B-7CCA1E46F7AA}.Debug|Any CPU.Build.0 = Debug|Any CPU
		{6508B4B9-9245-4222-856B-7CCA1E46F7AA}.Release|Any CPU.ActiveCfg = Release|Any CPU
		{6508B4B9-9245-4222-856B-7CCA1E46F7AA}.Release|Any CPU.Build.0 = Release|Any CPU
		{1FF95F90-5823-4D1E-90C8-91B6B98A9847}.Debug|Any CPU.ActiveCfg = Debug|Any CPU
		{1FF95F90-5823-4D1E-90C8-91B6B98A9847}.Debug|Any CPU.Build.0 = Debug|Any CPU
		{1FF95F90-5823-4D1E-90C8-91B6B98A9847}.Release|Any CPU.ActiveCfg = Release|Any CPU
		{1FF95F90-5823-4D1E-90C8-91B6B98A9847}.Release|Any CPU.Build.0 = Release|Any CPU
		{049B0DC7-F44D-43D9-8CD3-48A461BE3947}.Debug|Any CPU.ActiveCfg = Debug|Any CPU
		{049B0DC7-F44D-43D9-8CD3-48A461BE3947}.Debug|Any CPU.Build.0 = Debug|Any CPU
		{049B0DC7-F44D-43D9-8CD3-48A461BE3947}.Release|Any CPU.ActiveCfg = Release|Any CPU
		{049B0DC7-F44D-43D9-8CD3-48A461BE3947}.Release|Any CPU.Build.0 = Release|Any CPU
		{B9A8EC33-5739-4BA8-BA2F-D2314FBA1F33}.Debug|Any CPU.ActiveCfg = Debug|Any CPU
		{B9A8EC33-5739-4BA8-BA2F-D2314FBA1F33}.Debug|Any CPU.Build.0 = Debug|Any CPU
		{B9A8EC33-5739-4BA8-BA2F-D2314FBA1F33}.Release|Any CPU.ActiveCfg = Release|Any CPU
		{B9A8EC33-5739-4BA8-BA2F-D2314FBA1F33}.Release|Any CPU.Build.0 = Release|Any CPU
		{E9AF0257-E6B0-4A6D-B0AB-49B628F41044}.Debug|Any CPU.ActiveCfg = Debug|Any CPU
		{E9AF0257-E6B0-4A6D-B0AB-49B628F41044}.Debug|Any CPU.Build.0 = Debug|Any CPU
		{E9AF0257-E6B0-4A6D-B0AB-49B628F41044}.Release|Any CPU.ActiveCfg = Release|Any CPU
		{E9AF0257-E6B0-4A6D-B0AB-49B628F41044}.Release|Any CPU.Build.0 = Release|Any CPU
	EndGlobalSection
	GlobalSection(SolutionProperties) = preSolution
		HideSolutionNode = FALSE
	EndGlobalSection
	GlobalSection(ExtensibilityGlobals) = postSolution
		SolutionGuid = {498C6060-240A-40B9-8B64-569D89BBB96C}
	EndGlobalSection
EndGlobal
