
Microsoft Visual Studio Solution File, Format Version 12.00
# Visual Studio Version 17
VisualStudioVersion = 17.11.35208.52
MinimumVisualStudioVersion = 10.0.40219.1
Project("{F184B08F-C81C-45F6-A57F-5ABD9991F28F}") = "Laboratorio 10-1", "Laboratorio 10-1\Laboratorio 10-1.vbproj", "{85D6A4F1-A8CA-488F-8B30-5974537A5366}"
EndProject
Project("{F184B08F-C81C-45F6-A57F-5ABD9991F28F}") = "Laboratorio 10-2", "Laboratorio 10-2\Laboratorio 10-2.vbproj", "{2480B17B-0B9D-4F1C-9159-B8EB2DD04A55}"
EndProject
Project("{F184B08F-C81C-45F6-A57F-5ABD9991F28F}") = "Laboratorio 10-3", "Laboratorio 10-3\Laboratorio 10-3.vbproj", "{18F93290-092B-41C0-975A-D5CEE27F32B6}"
EndProject
Project("{F184B08F-C81C-45F6-A57F-5ABD9991F28F}") = "Laboratorio 10-4", "Laboratorio 10-4\Laboratorio 10-4.vbproj", "{52628DD4-2CE1-4D21-BDD9-9E32D59C306F}"
EndProject
Global
	GlobalSection(SolutionConfigurationPlatforms) = preSolution
		Debug|Any CPU = Debug|Any CPU
		Release|Any CPU = Release|Any CPU
	EndGlobalSection
	GlobalSection(ProjectConfigurationPlatforms) = postSolution
		{85D6A4F1-A8CA-488F-8B30-5974537A5366}.Debug|Any CPU.ActiveCfg = Debug|Any CPU
		{85D6A4F1-A8CA-488F-8B30-5974537A5366}.Debug|Any CPU.Build.0 = Debug|Any CPU
		{85D6A4F1-A8CA-488F-8B30-5974537A5366}.Release|Any CPU.ActiveCfg = Release|Any CPU
		{85D6A4F1-A8CA-488F-8B30-5974537A5366}.Release|Any CPU.Build.0 = Release|Any CPU
		{2480B17B-0B9D-4F1C-9159-B8EB2DD04A55}.Debug|Any CPU.ActiveCfg = Debug|Any CPU
		{2480B17B-0B9D-4F1C-9159-B8EB2DD04A55}.Debug|Any CPU.Build.0 = Debug|Any CPU
		{2480B17B-0B9D-4F1C-9159-B8EB2DD04A55}.Release|Any CPU.ActiveCfg = Release|Any CPU
		{2480B17B-0B9D-4F1C-9159-B8EB2DD04A55}.Release|Any CPU.Build.0 = Release|Any CPU
		{18F93290-092B-41C0-975A-D5CEE27F32B6}.Debug|Any CPU.ActiveCfg = Debug|Any CPU
		{18F93290-092B-41C0-975A-D5CEE27F32B6}.Debug|Any CPU.Build.0 = Debug|Any CPU
		{18F93290-092B-41C0-975A-D5CEE27F32B6}.Release|Any CPU.ActiveCfg = Release|Any CPU
		{18F93290-092B-41C0-975A-D5CEE27F32B6}.Release|Any CPU.Build.0 = Release|Any CPU
		{52628DD4-2CE1-4D21-BDD9-9E32D59C306F}.Debug|Any CPU.ActiveCfg = Debug|Any CPU
		{52628DD4-2CE1-4D21-BDD9-9E32D59C306F}.Debug|Any CPU.Build.0 = Debug|Any CPU
		{52628DD4-2CE1-4D21-BDD9-9E32D59C306F}.Release|Any CPU.ActiveCfg = Release|Any CPU
		{52628DD4-2CE1-4D21-BDD9-9E32D59C306F}.Release|Any CPU.Build.0 = Release|Any CPU
	EndGlobalSection
	GlobalSection(SolutionProperties) = preSolution
		HideSolutionNode = FALSE
	EndGlobalSection
	GlobalSection(ExtensibilityGlobals) = postSolution
		SolutionGuid = {C5433558-9202-42F2-897C-C14793E720E4}
	EndGlobalSection
EndGlobal
